
Microsoft Visual Studio Solution File, Format Version 12.00
# Visual Studio Version 16
VisualStudioVersion = 16.0.30621.155
MinimumVisualStudioVersion = 10.0.40219.1
Project("{9A19103F-16F7-4668-BE54-9A1E7A4F7556}") = "20_Lab4_1", "20_Lab4_1\20_Lab4_1.csproj", "{D50575A9-3E66-4128-AD4C-F667B23EF79D}"
EndProject
Project("{9A19103F-16F7-4668-BE54-9A1E7A4F7556}") = "20_Lab4_2", "20_Lab4_2\20_Lab4_2.csproj", "{D903DFEA-7656-4446-8051-9146F1D3D37F}"
EndProject
Project("{9A19103F-16F7-4668-BE54-9A1E7A4F7556}") = "20_Lab4_3", "20_Lab4_3\20_Lab4_3.csproj", "{778D4568-E31B-4CB7-AE00-02FDEB854382}"
EndProject
Project("{FAE04EC0-301F-11D3-BF4B-00C04F79EFBC}") = "20_Lab4_4", "20_Lab4_4\20_Lab4_4.csproj", "{58A20BB7-C646-4721-AC84-FCBE757FF6F8}"
EndProject
Project("{FAE04EC0-301F-11D3-BF4B-00C04F79EFBC}") = "20_Lab4_4_Keygen", "20_Lab4_4_Keygen\20_Lab4_4_Keygen.csproj", "{2D680C18-A59F-4405-B7D6-20A9097C06D6}"
EndProject
Global
	GlobalSection(SolutionConfigurationPlatforms) = preSolution
		Debug|Any CPU = Debug|Any CPU
		Release|Any CPU = Release|Any CPU
	EndGlobalSection
	GlobalSection(ProjectConfigurationPlatforms) = postSolution
		{D50575A9-3E66-4128-AD4C-F667B23EF79D}.Debug|Any CPU.ActiveCfg = Debug|Any CPU
		{D50575A9-3E66-4128-AD4C-F667B23EF79D}.Debug|Any CPU.Build.0 = Debug|Any CPU
		{D50575A9-3E66-4128-AD4C-F667B23EF79D}.Release|Any CPU.ActiveCfg = Release|Any CPU
		{D50575A9-3E66-4128-AD4C-F667B23EF79D}.Release|Any CPU.Build.0 = Release|Any CPU
		{D903DFEA-7656-4446-8051-9146F1D3D37F}.Debug|Any CPU.ActiveCfg = Debug|Any CPU
		{D903DFEA-7656-4446-8051-9146F1D3D37F}.Debug|Any CPU.Build.0 = Debug|Any CPU
		{D903DFEA-7656-4446-8051-9146F1D3D37F}.Release|Any CPU.ActiveCfg = Release|Any CPU
		{D903DFEA-7656-4446-8051-9146F1D3D37F}.Release|Any CPU.Build.0 = Release|Any CPU
		{778D4568-E31B-4CB7-AE00-02FDEB854382}.Debug|Any CPU.ActiveCfg = Debug|Any CPU
		{778D4568-E31B-4CB7-AE00-02FDEB854382}.Debug|Any CPU.Build.0 = Debug|Any CPU
		{778D4568-E31B-4CB7-AE00-02FDEB854382}.Release|Any CPU.ActiveCfg = Release|Any CPU
		{778D4568-E31B-4CB7-AE00-02FDEB854382}.Release|Any CPU.Build.0 = Release|Any CPU
		{58A20BB7-C646-4721-AC84-FCBE757FF6F8}.Debug|Any CPU.ActiveCfg = Debug|Any CPU
		{58A20BB7-C646-4721-AC84-FCBE757FF6F8}.Debug|Any CPU.Build.0 = Debug|Any CPU
		{58A20BB7-C646-4721-AC84-FCBE757FF6F8}.Release|Any CPU.ActiveCfg = Release|Any CPU
		{58A20BB7-C646-4721-AC84-FCBE757FF6F8}.Release|Any CPU.Build.0 = Release|Any CPU
		{2D680C18-A59F-4405-B7D6-20A9097C06D6}.Debug|Any CPU.ActiveCfg = Debug|Any CPU
		{2D680C18-A59F-4405-B7D6-20A9097C06D6}.Debug|Any CPU.Build.0 = Debug|Any CPU
		{2D680C18-A59F-4405-B7D6-20A9097C06D6}.Release|Any CPU.ActiveCfg = Release|Any CPU
		{2D680C18-A59F-4405-B7D6-20A9097C06D6}.Release|Any CPU.Build.0 = Release|Any CPU
	EndGlobalSection
	GlobalSection(SolutionProperties) = preSolution
		HideSolutionNode = FALSE
	EndGlobalSection
	GlobalSection(ExtensibilityGlobals) = postSolution
		SolutionGuid = {AFADA1A7-8D36-416B-97DE-9533DFA24798}
	EndGlobalSection
EndGlobal
